
Microsoft Visual Studio Solution File, Format Version 12.00
# Visual Studio Version 17
VisualStudioVersion = 17.11.35312.102
MinimumVisualStudioVersion = 10.0.40219.1
Project("{FAE04EC0-301F-11D3-BF4B-00C04F79EFBC}") = "LoopAssignment", "LoopAssignment\LoopAssignment.csproj", "{AB5CA540-AB22-435A-BA69-7DE1B34CC426}"
EndProject
Global
	GlobalSection(SolutionConfigurationPlatforms) = preSolution
		Debug|Any CPU = Debug|Any CPU
		Release|Any CPU = Release|Any CPU
	EndGlobalSection
	GlobalSection(ProjectConfigurationPlatforms) = postSolution
		{AB5CA540-AB22-435A-BA69-7DE1B34CC426}.Debug|Any CPU.ActiveCfg = Debug|Any CPU
		{AB5CA540-AB22-435A-BA69-7DE1B34CC426}.Debug|Any CPU.Build.0 = Debug|Any CPU
		{AB5CA540-AB22-435A-BA69-7DE1B34CC426}.Release|Any CPU.ActiveCfg = Release|Any CPU
		{AB5CA540-AB22-435A-BA69-7DE1B34CC426}.Release|Any CPU.Build.0 = Release|Any CPU
	EndGlobalSection
	GlobalSection(SolutionProperties) = preSolution
		HideSolutionNode = FALSE
	EndGlobalSection
	GlobalSection(ExtensibilityGlobals) = postSolution
		SolutionGuid = {2C5C3C94-877C-4F50-B9E7-E41E731EE60D}
	EndGlobalSection
EndGlobal
